
Microsoft Visual Studio Solution File, Format Version 12.00
Project("{FAE04EC0-301F-11D3-BF4B-00C04F79EFBC}") = "Core", "Core\Core.csproj", "{947F14B8-7402-45CE-A719-1E3B590FEA6E}"
EndProject
Project("{FAE04EC0-301F-11D3-BF4B-00C04F79EFBC}") = "Repository", "Repository\Repository.csproj", "{587C8F79-E9EA-4610-91C5-FFF037EDD000}"
EndProject
Project("{FAE04EC0-301F-11D3-BF4B-00C04F79EFBC}") = "Service", "Service\Service.csproj", "{8EB4B980-3891-4554-A496-375DB91CC78B}"
EndProject
Project("{FAE04EC0-301F-11D3-BF4B-00C04F79EFBC}") = "Shared", "Shared\Shared.csproj", "{19008CE8-C465-4591-B147-91D371A9BCE2}"
EndProject
Project("{FAE04EC0-301F-11D3-BF4B-00C04F79EFBC}") = "WebApi", "WebApi\WebApi.csproj", "{E94F9884-AC30-41D2-B64C-B7694BA768D3}"
EndProject
Project("{2150E333-8FDC-42A3-9474-1A3956D46DE8}") = "MinimalApis", "MinimalApis", "{BC373E88-7D16-41C6-A5E2-5982E9090B32}"
EndProject
Project("{FAE04EC0-301F-11D3-BF4B-00C04F79EFBC}") = "MiniApp1", "MinimalApis\MiniApp1\MiniApp1.csproj", "{30FB46DD-4A6C-4FC2-89F4-B6E135F5ED42}"
EndProject
Project("{FAE04EC0-301F-11D3-BF4B-00C04F79EFBC}") = "MiniApp2", "MinimalApis\MiniApp2\MiniApp2.csproj", "{60213CBA-B1D2-4B91-9550-06A68E53FA21}"
EndProject
Project("{FAE04EC0-301F-11D3-BF4B-00C04F79EFBC}") = "MiniApp3", "MinimalApis\MiniApp3\MiniApp3.csproj", "{882B8C5B-6247-41C8-8071-B84F3C57CCC5}"
EndProject
Global
	GlobalSection(SolutionConfigurationPlatforms) = preSolution
		Debug|Any CPU = Debug|Any CPU
		Release|Any CPU = Release|Any CPU
	EndGlobalSection
	GlobalSection(ProjectConfigurationPlatforms) = postSolution
		{947F14B8-7402-45CE-A719-1E3B590FEA6E}.Debug|Any CPU.ActiveCfg = Debug|Any CPU
		{947F14B8-7402-45CE-A719-1E3B590FEA6E}.Debug|Any CPU.Build.0 = Debug|Any CPU
		{947F14B8-7402-45CE-A719-1E3B590FEA6E}.Release|Any CPU.ActiveCfg = Release|Any CPU
		{947F14B8-7402-45CE-A719-1E3B590FEA6E}.Release|Any CPU.Build.0 = Release|Any CPU
		{587C8F79-E9EA-4610-91C5-FFF037EDD000}.Debug|Any CPU.ActiveCfg = Debug|Any CPU
		{587C8F79-E9EA-4610-91C5-FFF037EDD000}.Debug|Any CPU.Build.0 = Debug|Any CPU
		{587C8F79-E9EA-4610-91C5-FFF037EDD000}.Release|Any CPU.ActiveCfg = Release|Any CPU
		{587C8F79-E9EA-4610-91C5-FFF037EDD000}.Release|Any CPU.Build.0 = Release|Any CPU
		{8EB4B980-3891-4554-A496-375DB91CC78B}.Debug|Any CPU.ActiveCfg = Debug|Any CPU
		{8EB4B980-3891-4554-A496-375DB91CC78B}.Debug|Any CPU.Build.0 = Debug|Any CPU
		{8EB4B980-3891-4554-A496-375DB91CC78B}.Release|Any CPU.ActiveCfg = Release|Any CPU
		{8EB4B980-3891-4554-A496-375DB91CC78B}.Release|Any CPU.Build.0 = Release|Any CPU
		{19008CE8-C465-4591-B147-91D371A9BCE2}.Debug|Any CPU.ActiveCfg = Debug|Any CPU
		{19008CE8-C465-4591-B147-91D371A9BCE2}.Debug|Any CPU.Build.0 = Debug|Any CPU
		{19008CE8-C465-4591-B147-91D371A9BCE2}.Release|Any CPU.ActiveCfg = Release|Any CPU
		{19008CE8-C465-4591-B147-91D371A9BCE2}.Release|Any CPU.Build.0 = Release|Any CPU
		{E94F9884-AC30-41D2-B64C-B7694BA768D3}.Debug|Any CPU.ActiveCfg = Debug|Any CPU
		{E94F9884-AC30-41D2-B64C-B7694BA768D3}.Debug|Any CPU.Build.0 = Debug|Any CPU
		{E94F9884-AC30-41D2-B64C-B7694BA768D3}.Release|Any CPU.ActiveCfg = Release|Any CPU
		{E94F9884-AC30-41D2-B64C-B7694BA768D3}.Release|Any CPU.Build.0 = Release|Any CPU
		{30FB46DD-4A6C-4FC2-89F4-B6E135F5ED42}.Debug|Any CPU.ActiveCfg = Debug|Any CPU
		{30FB46DD-4A6C-4FC2-89F4-B6E135F5ED42}.Debug|Any CPU.Build.0 = Debug|Any CPU
		{30FB46DD-4A6C-4FC2-89F4-B6E135F5ED42}.Release|Any CPU.ActiveCfg = Release|Any CPU
		{30FB46DD-4A6C-4FC2-89F4-B6E135F5ED42}.Release|Any CPU.Build.0 = Release|Any CPU
		{60213CBA-B1D2-4B91-9550-06A68E53FA21}.Debug|Any CPU.ActiveCfg = Debug|Any CPU
		{60213CBA-B1D2-4B91-9550-06A68E53FA21}.Debug|Any CPU.Build.0 = Debug|Any CPU
		{60213CBA-B1D2-4B91-9550-06A68E53FA21}.Release|Any CPU.ActiveCfg = Release|Any CPU
		{60213CBA-B1D2-4B91-9550-06A68E53FA21}.Release|Any CPU.Build.0 = Release|Any CPU
		{882B8C5B-6247-41C8-8071-B84F3C57CCC5}.Debug|Any CPU.ActiveCfg = Debug|Any CPU
		{882B8C5B-6247-41C8-8071-B84F3C57CCC5}.Debug|Any CPU.Build.0 = Debug|Any CPU
		{882B8C5B-6247-41C8-8071-B84F3C57CCC5}.Release|Any CPU.ActiveCfg = Release|Any CPU
		{882B8C5B-6247-41C8-8071-B84F3C57CCC5}.Release|Any CPU.Build.0 = Release|Any CPU
	EndGlobalSection
	GlobalSection(NestedProjects) = preSolution
		{30FB46DD-4A6C-4FC2-89F4-B6E135F5ED42} = {BC373E88-7D16-41C6-A5E2-5982E9090B32}
		{60213CBA-B1D2-4B91-9550-06A68E53FA21} = {BC373E88-7D16-41C6-A5E2-5982E9090B32}
		{882B8C5B-6247-41C8-8071-B84F3C57CCC5} = {BC373E88-7D16-41C6-A5E2-5982E9090B32}
	EndGlobalSection
EndGlobal
